// !$*UTF8*$!
{
	archiveVersion = 1;
	classes = {
	};
	objectVersion = 50;
	objects = {

/* Begin PBXBuildFile section */
		A8E4C5F920DE0EF70049DB93 /* AppDelegate.swift in Sources */ = {isa = PBXBuildFile; fileRef = A8E4C5F820DE0EF70049DB93 /* AppDelegate.swift */; };
		A8E4C5FE20DE0EF70049DB93 /* Main.storyboard in Resources */ = {isa = PBXBuildFile; fileRef = A8E4C5FC20DE0EF70049DB93 /* Main.storyboard */; };
		A8E4C60020DE0EF80049DB93 /* Assets.xcassets in Resources */ = {isa = PBXBuildFile; fileRef = A8E4C5FF20DE0EF80049DB93 /* Assets.xcassets */; };
		A8E4C60320DE0EF80049DB93 /* LaunchScreen.storyboard in Resources */ = {isa = PBXBuildFile; fileRef = A8E4C60120DE0EF80049DB93 /* LaunchScreen.storyboard */; };
		A8E4C60E20DE0EF80049DB93 /* delegate_notificationTests.swift in Sources */ = {isa = PBXBuildFile; fileRef = A8E4C60D20DE0EF80049DB93 /* delegate_notificationTests.swift */; };
		A8E4C61920DE0EF80049DB93 /* delegate_notificationUITests.swift in Sources */ = {isa = PBXBuildFile; fileRef = A8E4C61820DE0EF80049DB93 /* delegate_notificationUITests.swift */; };
		A8E4C62720DE20350049DB93 /* HomeVC.swift in Sources */ = {isa = PBXBuildFile; fileRef = A8E4C62620DE20350049DB93 /* HomeVC.swift */; };
		A8E4C62920DE20450049DB93 /* SettingVC.swift in Sources */ = {isa = PBXBuildFile; fileRef = A8E4C62820DE20450049DB93 /* SettingVC.swift */; };
/* End PBXBuildFile section */

/* Begin PBXContainerItemProxy section */
		A8E4C60A20DE0EF80049DB93 /* PBXContainerItemProxy */ = {
			isa = PBXContainerItemProxy;
			containerPortal = A8E4C5ED20DE0EF70049DB93 /* Project object */;
			proxyType = 1;
			remoteGlobalIDString = A8E4C5F420DE0EF70049DB93;
			remoteInfo = delegate_notification;
		};
		A8E4C61520DE0EF80049DB93 /* PBXContainerItemProxy */ = {
			isa = PBXContainerItemProxy;
			containerPortal = A8E4C5ED20DE0EF70049DB93 /* Project object */;
			proxyType = 1;
			remoteGlobalIDString = A8E4C5F420DE0EF70049DB93;
			remoteInfo = delegate_notification;
		};
/* End PBXContainerItemProxy section */

/* Begin PBXFileReference section */
		A8E4C5F520DE0EF70049DB93 /* delegate_notification.app */ = {isa = PBXFileReference; explicitFileType = wrapper.application; includeInIndex = 0; path = delegate_notification.app; sourceTree = BUILT_PRODUCTS_DIR; };
		A8E4C5F820DE0EF70049DB93 /* AppDelegate.swift */ = {isa = PBXFileReference; lastKnownFileType = sourcecode.swift; path = AppDelegate.swift; sourceTree = "<group>"; };
		A8E4C5FD20DE0EF70049DB93 /* Base */ = {isa = PBXFileReference; lastKnownFileType = file.storyboard; name = Base; path = Base.lproj/Main.storyboard; sourceTree = "<group>"; };
		A8E4C5FF20DE0EF80049DB93 /* Assets.xcassets */ = {isa = PBXFileReference; lastKnownFileType = folder.assetcatalog; path = Assets.xcassets; sourceTree = "<group>"; };
		A8E4C60220DE0EF80049DB93 /* Base */ = {isa = PBXFileReference; lastKnownFileType = file.storyboard; name = Base; path = Base.lproj/LaunchScreen.storyboard; sourceTree = "<group>"; };
		A8E4C60420DE0EF80049DB93 /* Info.plist */ = {isa = PBXFileReference; lastKnownFileType = text.plist.xml; path = Info.plist; sourceTree = "<group>"; };
		A8E4C60920DE0EF80049DB93 /* delegate_notificationTests.xctest */ = {isa = PBXFileReference; explicitFileType = wrapper.cfbundle; includeInIndex = 0; path = delegate_notificationTests.xctest; sourceTree = BUILT_PRODUCTS_DIR; };
		A8E4C60D20DE0EF80049DB93 /* delegate_notificationTests.swift */ = {isa = PBXFileReference; lastKnownFileType = sourcecode.swift; path = delegate_notificationTests.swift; sourceTree = "<group>"; };
		A8E4C60F20DE0EF80049DB93 /* Info.plist */ = {isa = PBXFileReference; lastKnownFileType = text.plist.xml; path = Info.plist; sourceTree = "<group>"; };
		A8E4C61420DE0EF80049DB93 /* delegate_notificationUITests.xctest */ = {isa = PBXFileReference; explicitFileType = wrapper.cfbundle; includeInIndex = 0; path = delegate_notificationUITests.xctest; sourceTree = BUILT_PRODUCTS_DIR; };
		A8E4C61820DE0EF80049DB93 /* delegate_notificationUITests.swift */ = {isa = PBXFileReference; lastKnownFileType = sourcecode.swift; path = delegate_notificationUITests.swift; sourceTree = "<group>"; };
		A8E4C61A20DE0EF80049DB93 /* Info.plist */ = {isa = PBXFileReference; lastKnownFileType = text.plist.xml; path = Info.plist; sourceTree = "<group>"; };
		A8E4C62620DE20350049DB93 /* HomeVC.swift */ = {isa = PBXFileReference; lastKnownFileType = sourcecode.swift; path = HomeVC.swift; sourceTree = "<group>"; };
		A8E4C62820DE20450049DB93 /* SettingVC.swift */ = {isa = PBXFileReference; lastKnownFileType = sourcecode.swift; path = SettingVC.swift; sourceTree = "<group>"; };
/* End PBXFileReference section */

/* Begin PBXFrameworksBuildPhase section */
		A8E4C5F220DE0EF70049DB93 /* Frameworks */ = {
			isa = PBXFrameworksBuildPhase;
			buildActionMask = 2147483647;
			files = (
			);
			runOnlyForDeploymentPostprocessing = 0;
		};
		A8E4C60620DE0EF80049DB93 /* Frameworks */ = {
			isa = PBXFrameworksBuildPhase;
			buildActionMask = 2147483647;
			files = (
			);
			runOnlyForDeploymentPostprocessing = 0;
		};
		A8E4C61120DE0EF80049DB93 /* Frameworks */ = {
			isa = PBXFrameworksBuildPhase;
			buildActionMask = 2147483647;
			files = (
			);
			runOnlyForDeploymentPostprocessing = 0;
		};
/* End PBXFrameworksBuildPhase section */

/* Begin PBXGroup section */
		A8E4C5EC20DE0EF70049DB93 = {
			isa = PBXGroup;
			children = (
				A8E4C5F720DE0EF70049DB93 /* delegate_notification */,
				A8E4C60C20DE0EF80049DB93 /* delegate_notificationTests */,
				A8E4C61720DE0EF80049DB93 /* delegate_notificationUITests */,
				A8E4C5F620DE0EF70049DB93 /* Products */,
			);
			sourceTree = "<group>";
		};
		A8E4C5F620DE0EF70049DB93 /* Products */ = {
			isa = PBXGroup;
			children = (
				A8E4C5F520DE0EF70049DB93 /* delegate_notification.app */,
				A8E4C60920DE0EF80049DB93 /* delegate_notificationTests.xctest */,
				A8E4C61420DE0EF80049DB93 /* delegate_notificationUITests.xctest */,
			);
			name = Products;
			sourceTree = "<group>";
		};
		A8E4C5F720DE0EF70049DB93 /* delegate_notification */ = {
			isa = PBXGroup;
			children = (
				A8E4C5F820DE0EF70049DB93 /* AppDelegate.swift */,
				A8E4C5FC20DE0EF70049DB93 /* Main.storyboard */,
				A8E4C5FF20DE0EF80049DB93 /* Assets.xcassets */,
				A8E4C60120DE0EF80049DB93 /* LaunchScreen.storyboard */,
				A8E4C60420DE0EF80049DB93 /* Info.plist */,
				A8E4C62620DE20350049DB93 /* HomeVC.swift */,
				A8E4C62820DE20450049DB93 /* SettingVC.swift */,
			);
			path = delegate_notification;
			sourceTree = "<group>";
		};
		A8E4C60C20DE0EF80049DB93 /* delegate_notificationTests */ = {
			isa = PBXGroup;
			children = (
				A8E4C60D20DE0EF80049DB93 /* delegate_notificationTests.swift */,
				A8E4C60F20DE0EF80049DB93 /* Info.plist */,
			);
			path = delegate_notificationTests;
			sourceTree = "<group>";
		};
		A8E4C61720DE0EF80049DB93 /* delegate_notificationUITests */ = {
			isa = PBXGroup;
			children = (
				A8E4C61820DE0EF80049DB93 /* delegate_notificationUITests.swift */,
				A8E4C61A20DE0EF80049DB93 /* Info.plist */,
			);
			path = delegate_notificationUITests;
			sourceTree = "<group>";
		};
/* End PBXGroup section */

/* Begin PBXNativeTarget section */
		A8E4C5F420DE0EF70049DB93 /* delegate_notification */ = {
			isa = PBXNativeTarget;
			buildConfigurationList = A8E4C61D20DE0EF80049DB93 /* Build configuration list for PBXNativeTarget "delegate_notification" */;
			buildPhases = (
				A8E4C5F120DE0EF70049DB93 /* Sources */,
				A8E4C5F220DE0EF70049DB93 /* Frameworks */,
				A8E4C5F320DE0EF70049DB93 /* Resources */,
			);
			buildRules = (
			);
			dependencies = (
			);
			name = delegate_notification;
			productName = delegate_notification;
			productReference = A8E4C5F520DE0EF70049DB93 /* delegate_notification.app */;
			productType = "com.apple.product-type.application";
		};
		A8E4C60820DE0EF80049DB93 /* delegate_notificationTests */ = {
			isa = PBXNativeTarget;
			buildConfigurationList = A8E4C62020DE0EF80049DB93 /* Build configuration list for PBXNativeTarget "delegate_notificationTests" */;
			buildPhases = (
				A8E4C60520DE0EF80049DB93 /* Sources */,
				A8E4C60620DE0EF80049DB93 /* Frameworks */,
				A8E4C60720DE0EF80049DB93 /* Resources */,
			);
			buildRules = (
			);
			dependencies = (
				A8E4C60B20DE0EF80049DB93 /* PBXTargetDependency */,
			);
			name = delegate_notificationTests;
			productName = delegate_notificationTests;
			productReference = A8E4C60920DE0EF80049DB93 /* delegate_notificationTests.xctest */;
			productType = "com.apple.product-type.bundle.unit-test";
		};
		A8E4C61320DE0EF80049DB93 /* delegate_notificationUITests */ = {
			isa = PBXNativeTarget;
			buildConfigurationList = A8E4C62320DE0EF80049DB93 /* Build configuration list for PBXNativeTarget "delegate_notificationUITests" */;
			buildPhases = (
				A8E4C61020DE0EF80049DB93 /* Sources */,
				A8E4C61120DE0EF80049DB93 /* Frameworks */,
				A8E4C61220DE0EF80049DB93 /* Resources */,
			);
			buildRules = (
			);
			dependencies = (
				A8E4C61620DE0EF80049DB93 /* PBXTargetDependency */,
			);
			name = delegate_notificationUITests;
			productName = delegate_notificationUITests;
			productReference = A8E4C61420DE0EF80049DB93 /* delegate_notificationUITests.xctest */;
			productType = "com.apple.product-type.bundle.ui-testing";
		};
/* End PBXNativeTarget section */

/* Begin PBXProject section */
		A8E4C5ED20DE0EF70049DB93 /* Project object */ = {
			isa = PBXProject;
			attributes = {
				LastSwiftUpdateCheck = 0940;
				LastUpgradeCheck = 0940;
				ORGANIZATIONNAME = rokihiro;
				TargetAttributes = {
					A8E4C5F420DE0EF70049DB93 = {
						CreatedOnToolsVersion = 9.4.1;
					};
					A8E4C60820DE0EF80049DB93 = {
						CreatedOnToolsVersion = 9.4.1;
						TestTargetID = A8E4C5F420DE0EF70049DB93;
					};
					A8E4C61320DE0EF80049DB93 = {
						CreatedOnToolsVersion = 9.4.1;
						TestTargetID = A8E4C5F420DE0EF70049DB93;
					};
				};
			};
			buildConfigurationList = A8E4C5F020DE0EF70049DB93 /* Build configuration list for PBXProject "delegate_notification" */;
			compatibilityVersion = "Xcode 9.3";
			developmentRegion = en;
			hasScannedForEncodings = 0;
			knownRegions = (
				en,
				Base,
			);
			mainGroup = A8E4C5EC20DE0EF70049DB93;
			productRefGroup = A8E4C5F620DE0EF70049DB93 /* Products */;
			projectDirPath = "";
			projectRoot = "";
			targets = (
				A8E4C5F420DE0EF70049DB93 /* delegate_notification */,
				A8E4C60820DE0EF80049DB93 /* delegate_notificationTests */,
				A8E4C61320DE0EF80049DB93 /* delegate_notificationUITests */,
			);
		};
/* End PBXProject section */

/* Begin PBXResourcesBuildPhase section */
		A8E4C5F320DE0EF70049DB93 /* Resources */ = {
			isa = PBXResourcesBuildPhase;
			buildActionMask = 2147483647;
			files = (
				A8E4C60320DE0EF80049DB93 /* LaunchScreen.storyboard in Resources */,
				A8E4C60020DE0EF80049DB93 /* Assets.xcassets in Resources */,
				A8E4C5FE20DE0EF70049DB93 /* Main.storyboard in Resources */,
			);
			runOnlyForDeploymentPostprocessing = 0;
		};
		A8E4C60720DE0EF80049DB93 /* Resources */ = {
			isa = PBXResourcesBuildPhase;
			buildActionMask = 2147483647;
			files = (
			);
			runOnlyForDeploymentPostprocessing = 0;
		};
		A8E4C61220DE0EF80049DB93 /* Resources */ = {
			isa = PBXResourcesBuildPhase;
			buildActionMask = 2147483647;
			files = (
			);
			runOnlyForDeploymentPostprocessing = 0;
		};
/* End PBXResourcesBuildPhase section */

/* Begin PBXSourcesBuildPhase section */
		A8E4C5F120DE0EF70049DB93 /* Sources */ = {
			isa = PBXSourcesBuildPhase;
			buildActionMask = 2147483647;
			files = (
				A8E4C62720DE20350049DB93 /* HomeVC.swift in Sources */,
				A8E4C62920DE20450049DB93 /* SettingVC.swift in Sources */,
				A8E4C5F920DE0EF70049DB93 /* AppDelegate.swift in Sources */,
			);
			runOnlyForDeploymentPostprocessing = 0;
		};
		A8E4C60520DE0EF80049DB93 /* Sources */ = {
			isa = PBXSourcesBuildPhase;
			buildActionMask = 2147483647;
			files = (
				A8E4C60E20DE0EF80049DB93 /* delegate_notificationTests.swift in Sources */,
			);
			runOnlyForDeploymentPostprocessing = 0;
		};
		A8E4C61020DE0EF80049DB93 /* Sources */ = {
			isa = PBXSourcesBuildPhase;
			buildActionMask = 2147483647;
			files = (
				A8E4C61920DE0EF80049DB93 /* delegate_notificationUITests.swift in Sources */,
			);
			runOnlyForDeploymentPostprocessing = 0;
		};
/* End PBXSourcesBuildPhase section */

/* Begin PBXTargetDependency section */
		A8E4C60B20DE0EF80049DB93 /* PBXTargetDependency */ = {
			isa = PBXTargetDependency;
			target = A8E4C5F420DE0EF70049DB93 /* delegate_notification */;
			targetProxy = A8E4C60A20DE0EF80049DB93 /* PBXContainerItemProxy */;
		};
		A8E4C61620DE0EF80049DB93 /* PBXTargetDependency */ = {
			isa = PBXTargetDependency;
			target = A8E4C5F420DE0EF70049DB93 /* delegate_notification */;
			targetProxy = A8E4C61520DE0EF80049DB93 /* PBXContainerItemProxy */;
		};
/* End PBXTargetDependency section */

/* Begin PBXVariantGroup section */
		A8E4C5FC20DE0EF70049DB93 /* Main.storyboard */ = {
			isa = PBXVariantGroup;
			children = (
				A8E4C5FD20DE0EF70049DB93 /* Base */,
			);
			name = Main.storyboard;
			sourceTree = "<group>";
		};
		A8E4C60120DE0EF80049DB93 /* LaunchScreen.storyboard */ = {
			isa = PBXVariantGroup;
			children = (
				A8E4C60220DE0EF80049DB93 /* Base */,
			);
			name = LaunchScreen.storyboard;
			sourceTree = "<group>";
		};
/* End PBXVariantGroup section */

/* Begin XCBuildConfiguration section */
		A8E4C61B20DE0EF80049DB93 /* Debug */ = {
			isa = XCBuildConfiguration;
			buildSettings = {
				ALWAYS_SEARCH_USER_PATHS = NO;
				CLANG_ANALYZER_NONNULL = YES;
				CLANG_ANALYZER_NUMBER_OBJECT_CONVERSION = YES_AGGRESSIVE;
				CLANG_CXX_LANGUAGE_STANDARD = "gnu++14";
				CLANG_CXX_LIBRARY = "libc++";
				CLANG_ENABLE_MODULES = YES;
				CLANG_ENABLE_OBJC_ARC = YES;
				CLANG_ENABLE_OBJC_WEAK = YES;
				CLANG_WARN_BLOCK_CAPTURE_AUTORELEASING = YES;
				CLANG_WARN_BOOL_CONVERSION = YES;
				CLANG_WARN_COMMA = YES;
				CLANG_WARN_CONSTANT_CONVERSION = YES;
				CLANG_WARN_DEPRECATED_OBJC_IMPLEMENTATIONS = YES;
				CLANG_WARN_DIRECT_OBJC_ISA_USAGE = YES_ERROR;
				CLANG_WARN_DOCUMENTATION_COMMENTS = YES;
				CLANG_WARN_EMPTY_BODY = YES;
				CLANG_WARN_ENUM_CONVERSION = YES;
				CLANG_WARN_INFINITE_RECURSION = YES;
				CLANG_WARN_INT_CONVERSION = YES;
				CLANG_WARN_NON_LITERAL_NULL_CONVERSION = YES;
				CLANG_WARN_OBJC_IMPLICIT_RETAIN_SELF = YES;
				CLANG_WARN_OBJC_LITERAL_CONVERSION = YES;
				CLANG_WARN_OBJC_ROOT_CLASS = YES_ERROR;
				CLANG_WARN_RANGE_LOOP_ANALYSIS = YES;
				CLANG_WARN_STRICT_PROTOTYPES = YES;
				CLANG_WARN_SUSPICIOUS_MOVE = YES;
				CLANG_WARN_UNGUARDED_AVAILABILITY = YES_AGGRESSIVE;
				CLANG_WARN_UNREACHABLE_CODE = YES;
				CLANG_WARN__DUPLICATE_METHOD_MATCH = YES;
				CODE_SIGN_IDENTITY = "iPhone Developer";
				COPY_PHASE_STRIP = NO;
				DEBUG_INFORMATION_FORMAT = dwarf;
				ENABLE_STRICT_OBJC_MSGSEND = YES;
				ENABLE_TESTABILITY = YES;
				GCC_C_LANGUAGE_STANDARD = gnu11;
				GCC_DYNAMIC_NO_PIC = NO;
				GCC_NO_COMMON_BLOCKS = YES;
				GCC_OPTIMIZATION_LEVEL = 0;
				GCC_PREPROCESSOR_DEFINITIONS = (
					"DEBUG=1",
					"$(inherited)",
				);
				GCC_WARN_64_TO_32_BIT_CONVERSION = YES;
				GCC_WARN_ABOUT_RETURN_TYPE = YES_ERROR;
				GCC_WARN_UNDECLARED_SELECTOR = YES;
				GCC_WARN_UNINITIALIZED_AUTOS = YES_AGGRESSIVE;
				GCC_WARN_UNUSED_FUNCTION = YES;
				GCC_WARN_UNUSED_VARIABLE = YES;
				IPHONEOS_DEPLOYMENT_TARGET = 11.4;
				MTL_ENABLE_DEBUG_INFO = YES;
				ONLY_ACTIVE_ARCH = YES;
				SDKROOT = iphoneos;
				SWIFT_ACTIVE_COMPILATION_CONDITIONS = DEBUG;
				SWIFT_OPTIMIZATION_LEVEL = "-Onone";
			};
			name = Debug;
		};
		A8E4C61C20DE0EF80049DB93 /* Release */ = {
			isa = XCBuildConfiguration;
			buildSettings = {
				ALWAYS_SEARCH_USER_PATHS = NO;
				CLANG_ANALYZER_NONNULL = YES;
				CLANG_ANALYZER_NUMBER_OBJECT_CONVERSION = YES_AGGRESSIVE;
				CLANG_CXX_LANGUAGE_STANDARD = "gnu++14";
				CLANG_CXX_LIBRARY = "libc++";
				CLANG_ENABLE_MODULES = YES;
				CLANG_ENABLE_OBJC_ARC = YES;
				CLANG_ENABLE_OBJC_WEAK = YES;
				CLANG_WARN_BLOCK_CAPTURE_AUTORELEASING = YES;
				CLANG_WARN_BOOL_CONVERSION = YES;
				CLANG_WARN_COMMA = YES;
				CLANG_WARN_CONSTANT_CONVERSION = YES;
				CLANG_WARN_DEPRECATED_OBJC_IMPLEMENTATIONS = YES;
				CLANG_WARN_DIRECT_OBJC_ISA_USAGE = YES_ERROR;
				CLANG_WARN_DOCUMENTATION_COMMENTS = YES;
				CLANG_WARN_EMPTY_BODY = YES;
				CLANG_WARN_ENUM_CONVERSION = YES;
				CLANG_WARN_INFINITE_RECURSION = YES;
				CLANG_WARN_INT_CONVERSION = YES;
				CLANG_WARN_NON_LITERAL_NULL_CONVERSION = YES;
				CLANG_WARN_OBJC_IMPLICIT_RETAIN_SELF = YES;
				CLANG_WARN_OBJC_LITERAL_CONVERSION = YES;
				CLANG_WARN_OBJC_ROOT_CLASS = YES_ERROR;
				CLANG_WARN_RANGE_LOOP_ANALYSIS = YES;
				CLANG_WARN_STRICT_PROTOTYPES = YES;
				CLANG_WARN_SUSPICIOUS_MOVE = YES;
				CLANG_WARN_UNGUARDED_AVAILABILITY = YES_AGGRESSIVE;
				CLANG_WARN_UNREACHABLE_CODE = YES;
				CLANG_WARN__DUPLICATE_METHOD_MATCH = YES;
				CODE_SIGN_IDENTITY = "iPhone Developer";
				COPY_PHASE_STRIP = NO;
				DEBUG_INFORMATION_FORMAT = "dwarf-with-dsym";
				ENABLE_NS_ASSERTIONS = NO;
				ENABLE_STRICT_OBJC_MSGSEND = YES;
				GCC_C_LANGUAGE_STANDARD = gnu11;
				GCC_NO_COMMON_BLOCKS = YES;
				GCC_WARN_64_TO_32_BIT_CONVERSION = YES;
				GCC_WARN_ABOUT_RETURN_TYPE = YES_ERROR;
				GCC_WARN_UNDECLARED_SELECTOR = YES;
				GCC_WARN_UNINITIALIZED_AUTOS = YES_AGGRESSIVE;
				GCC_WARN_UNUSED_FUNCTION = YES;
				GCC_WARN_UNUSED_VARIABLE = YES;
				IPHONEOS_DEPLOYMENT_TARGET = 11.4;
				MTL_ENABLE_DEBUG_INFO = NO;
				SDKROOT = iphoneos;
				SWIFT_COMPILATION_MODE = wholemodule;
				SWIFT_OPTIMIZATION_LEVEL = "-O";
				VALIDATE_PRODUCT = YES;
			};
			name = Release;
		};
		A8E4C61E20DE0EF80049DB93 /* Debug */ = {
			isa = XCBuildConfiguration;
			buildSettings = {
				ASSETCATALOG_COMPILER_APPICON_NAME = AppIcon;
				CODE_SIGN_STYLE = Automatic;
				DEVELOPMENT_TEAM = LMR683U652;
				INFOPLIST_FILE = delegate_notification/Info.plist;
				LD_RUNPATH_SEARCH_PATHS = (
					"$(inherited)",
					"@executable_path/Frameworks",
				);
				PRODUCT_BUNDLE_IDENTIFIER = "net.rokihiro.delegate-notification";
				PRODUCT_NAME = "$(TARGET_NAME)";
				SWIFT_VERSION = 4.0;
				TARGETED_DEVICE_FAMILY = "1,2";
			};
			name = Debug;
		};
		A8E4C61F20DE0EF80049DB93 /* Release */ = {
			isa = XCBuildConfiguration;
			buildSettings = {
				ASSETCATALOG_COMPILER_APPICON_NAME = AppIcon;
				CODE_SIGN_STYLE = Automatic;
				DEVELOPMENT_TEAM = LMR683U652;
				INFOPLIST_FILE = delegate_notification/Info.plist;
				LD_RUNPATH_SEARCH_PATHS = (
					"$(inherited)",
					"@executable_path/Frameworks",
				);
				PRODUCT_BUNDLE_IDENTIFIER = "net.rokihiro.delegate-notification";
				PRODUCT_NAME = "$(TARGET_NAME)";
				SWIFT_VERSION = 4.0;
				TARGETED_DEVICE_FAMILY = "1,2";
			};
			name = Release;
		};
		A8E4C62120DE0EF80049DB93 /* Debug */ = {
			isa = XCBuildConfiguration;
			buildSettings = {
				ALWAYS_EMBED_SWIFT_STANDARD_LIBRARIES = YES;
				BUNDLE_LOADER = "$(TEST_HOST)";
				CODE_SIGN_STYLE = Automatic;
				DEVELOPMENT_TEAM = LMR683U652;
				INFOPLIST_FILE = delegate_notificationTests/Info.plist;
				LD_RUNPATH_SEARCH_PATHS = (
					"$(inherited)",
					"@executable_path/Frameworks",
					"@loader_path/Frameworks",
				);
				PRODUCT_BUNDLE_IDENTIFIER = "net.rokihiro.delegate-notificationTests";
				PRODUCT_NAME = "$(TARGET_NAME)";
				SWIFT_VERSION = 4.0;
				TARGETED_DEVICE_FAMILY = "1,2";
				TEST_HOST = "$(BUILT_PRODUCTS_DIR)/delegate_notification.app/delegate_notification";
			};
			name = Debug;
		};
		A8E4C62220DE0EF80049DB93 /* Release */ = {
			isa = XCBuildConfiguration;
			buildSettings = {
				ALWAYS_EMBED_SWIFT_STANDARD_LIBRARIES = YES;
				BUNDLE_LOADER = "$(TEST_HOST)";
				CODE_SIGN_STYLE = Automatic;
				DEVELOPMENT_TEAM = LMR683U652;
				INFOPLIST_FILE = delegate_notificationTests/Info.plist;
				LD_RUNPATH_SEARCH_PATHS = (
					"$(inherited)",
					"@executable_path/Frameworks",
					"@loader_path/Frameworks",
				);
				PRODUCT_BUNDLE_IDENTIFIER = "net.rokihiro.delegate-notificationTests";
				PRODUCT_NAME = "$(TARGET_NAME)";
				SWIFT_VERSION = 4.0;
				TARGETED_DEVICE_FAMILY = "1,2";
				TEST_HOST = "$(BUILT_PRODUCTS_DIR)/delegate_notification.app/delegate_notification";
			};
			name = Release;
		};
		A8E4C62420DE0EF80049DB93 /* Debug */ = {
			isa = XCBuildConfiguration;
			buildSettings = {
				ALWAYS_EMBED_SWIFT_STANDARD_LIBRARIES = YES;
				CODE_SIGN_STYLE = Automatic;
				DEVELOPMENT_TEAM = LMR683U652;
				INFOPLIST_FILE = delegate_notificationUITests/Info.plist;
				LD_RUNPATH_SEARCH_PATHS = (
					"$(inherited)",
					"@executable_path/Frameworks",
					"@loader_path/Frameworks",
				);
				PRODUCT_BUNDLE_IDENTIFIER = "net.rokihiro.delegate-notificationUITests";
				PRODUCT_NAME = "$(TARGET_NAME)";
				SWIFT_VERSION = 4.0;
				TARGETED_DEVICE_FAMILY = "1,2";
				TEST_TARGET_NAME = delegate_notification;
			};
			name = Debug;
		};
		A8E4C62520DE0EF80049DB93 /* Release */ = {
			isa = XCBuildConfiguration;
			buildSettings = {
				ALWAYS_EMBED_SWIFT_STANDARD_LIBRARIES = YES;
				CODE_SIGN_STYLE = Automatic;
				DEVELOPMENT_TEAM = LMR683U652;
				INFOPLIST_FILE = delegate_notificationUITests/Info.plist;
				LD_RUNPATH_SEARCH_PATHS = (
					"$(inherited)",
					"@executable_path/Frameworks",
					"@loader_path/Frameworks",
				);
				PRODUCT_BUNDLE_IDENTIFIER = "net.rokihiro.delegate-notificationUITests";
				PRODUCT_NAME = "$(TARGET_NAME)";
				SWIFT_VERSION = 4.0;
				TARGETED_DEVICE_FAMILY = "1,2";
				TEST_TARGET_NAME = delegate_notification;
			};
			name = Release;
		};
/* End XCBuildConfiguration section */

/* Begin XCConfigurationList section */
		A8E4C5F020DE0EF70049DB93 /* Build configuration list for PBXProject "delegate_notification" */ = {
			isa = XCConfigurationList;
			buildConfigurations = (
				A8E4C61B20DE0EF80049DB93 /* Debug */,
				A8E4C61C20DE0EF80049DB93 /* Release */,
			);
			defaultConfigurationIsVisible = 0;
			defaultConfigurationName = Release;
		};
		A8E4C61D20DE0EF80049DB93 /* Build configuration list for PBXNativeTarget "delegate_notification" */ = {
			isa = XCConfigurationList;
			buildConfigurations = (
				A8E4C61E20DE0EF80049DB93 /* Debug */,
				A8E4C61F20DE0EF80049DB93 /* Release */,
			);
			defaultConfigurationIsVisible = 0;
			defaultConfigurationName = Release;
		};
		A8E4C62020DE0EF80049DB93 /* Build configuration list for PBXNativeTarget "delegate_notificationTests" */ = {
			isa = XCConfigurationList;
			buildConfigurations = (
				A8E4C62120DE0EF80049DB93 /* Debug */,
				A8E4C62220DE0EF80049DB93 /* Release */,
			);
			defaultConfigurationIsVisible = 0;
			defaultConfigurationName = Release;
		};
		A8E4C62320DE0EF80049DB93 /* Build configuration list for PBXNativeTarget "delegate_notificationUITests" */ = {
			isa = XCConfigurationList;
			buildConfigurations = (
				A8E4C62420DE0EF80049DB93 /* Debug */,
				A8E4C62520DE0EF80049DB93 /* Release */,
			);
			defaultConfigurationIsVisible = 0;
			defaultConfigurationName = Release;
		};
/* End XCConfigurationList section */
	};
	rootObject = A8E4C5ED20DE0EF70049DB93 /* Project object */;
}
